// !$*UTF8*$!
{
	archiveVersion = 1;
	classes = {
	};
	objectVersion = 46;
	objects = {

/* Begin PBXBuildFile section */
		B5255AD01AF6827200C04990 /* AnalyticsSwiftSDK.h in Headers */ = {isa = PBXBuildFile; fileRef = B5255ACF1AF6827200C04990 /* AnalyticsSwiftSDK.h */; settings = {ATTRIBUTES = (Public, ); }; };
		B5255AD61AF6827200C04990 /* AnalyticsSwiftSDK.framework in Frameworks */ = {isa = PBXBuildFile; fileRef = B5255ACA1AF6827200C04990 /* AnalyticsSwiftSDK.framework */; };
		B5255ADD1AF6827200C04990 /* AnalyticsSwiftSDKTests.swift in Sources */ = {isa = PBXBuildFile; fileRef = B5255ADC1AF6827200C04990 /* AnalyticsSwiftSDKTests.swift */; };
/* End PBXBuildFile section */

/* Begin PBXContainerItemProxy section */
		B5255AD71AF6827200C04990 /* PBXContainerItemProxy */ = {
			isa = PBXContainerItemProxy;
			containerPortal = B5255AC11AF6827200C04990 /* Project object */;
			proxyType = 1;
			remoteGlobalIDString = B5255AC91AF6827200C04990;
			remoteInfo = AnalyticsSwiftSDK;
		};
/* End PBXContainerItemProxy section */

/* Begin PBXFileReference section */
		B5255ACA1AF6827200C04990 /* AnalyticsSwiftSDK.framework */ = {isa = PBXFileReference; explicitFileType = wrapper.framework; includeInIndex = 0; path = AnalyticsSwiftSDK.framework; sourceTree = BUILT_PRODUCTS_DIR; };
		B5255ACE1AF6827200C04990 /* Info.plist */ = {isa = PBXFileReference; lastKnownFileType = text.plist.xml; path = Info.plist; sourceTree = "<group>"; };
		B5255ACF1AF6827200C04990 /* AnalyticsSwiftSDK.h */ = {isa = PBXFileReference; lastKnownFileType = sourcecode.c.h; path = AnalyticsSwiftSDK.h; sourceTree = "<group>"; };
		B5255AD51AF6827200C04990 /* AnalyticsSwiftSDKTests.xctest */ = {isa = PBXFileReference; explicitFileType = wrapper.cfbundle; includeInIndex = 0; path = AnalyticsSwiftSDKTests.xctest; sourceTree = BUILT_PRODUCTS_DIR; };
		B5255ADB1AF6827200C04990 /* Info.plist */ = {isa = PBXFileReference; lastKnownFileType = text.plist.xml; path = Info.plist; sourceTree = "<group>"; };
		B5255ADC1AF6827200C04990 /* AnalyticsSwiftSDKTests.swift */ = {isa = PBXFileReference; lastKnownFileType = sourcecode.swift; path = AnalyticsSwiftSDKTests.swift; sourceTree = "<group>"; };
/* End PBXFileReference section */

/* Begin PBXFrameworksBuildPhase section */
		B5255AC61AF6827200C04990 /* Frameworks */ = {
			isa = PBXFrameworksBuildPhase;
			buildActionMask = 2147483647;
			files = (
			);
			runOnlyForDeploymentPostprocessing = 0;
		};
		B5255AD21AF6827200C04990 /* Frameworks */ = {
			isa = PBXFrameworksBuildPhase;
			buildActionMask = 2147483647;
			files = (
				B5255AD61AF6827200C04990 /* AnalyticsSwiftSDK.framework in Frameworks */,
			);
			runOnlyForDeploymentPostprocessing = 0;
		};
/* End PBXFrameworksBuildPhase section */

/* Begin PBXGroup section */
		B5255AC01AF6827200C04990 = {
			isa = PBXGroup;
			children = (
				B5255ACC1AF6827200C04990 /* AnalyticsSwiftSDK */,
				B5255AD91AF6827200C04990 /* AnalyticsSwiftSDKTests */,
				B5255ACB1AF6827200C04990 /* Products */,
			);
			sourceTree = "<group>";
		};
		B5255ACB1AF6827200C04990 /* Products */ = {
			isa = PBXGroup;
			children = (
				B5255ACA1AF6827200C04990 /* AnalyticsSwiftSDK.framework */,
				B5255AD51AF6827200C04990 /* AnalyticsSwiftSDKTests.xctest */,
			);
			name = Products;
			sourceTree = "<group>";
		};
		B5255ACC1AF6827200C04990 /* AnalyticsSwiftSDK */ = {
			isa = PBXGroup;
			children = (
				B5255ACF1AF6827200C04990 /* AnalyticsSwiftSDK.h */,
				B5255ACD1AF6827200C04990 /* Supporting Files */,
			);
			path = AnalyticsSwiftSDK;
			sourceTree = "<group>";
		};
		B5255ACD1AF6827200C04990 /* Supporting Files */ = {
			isa = PBXGroup;
			children = (
				B5255ACE1AF6827200C04990 /* Info.plist */,
			);
			name = "Supporting Files";
			sourceTree = "<group>";
		};
		B5255AD91AF6827200C04990 /* AnalyticsSwiftSDKTests */ = {
			isa = PBXGroup;
			children = (
				B5255ADC1AF6827200C04990 /* AnalyticsSwiftSDKTests.swift */,
				B5255ADA1AF6827200C04990 /* Supporting Files */,
			);
			path = AnalyticsSwiftSDKTests;
			sourceTree = "<group>";
		};
		B5255ADA1AF6827200C04990 /* Supporting Files */ = {
			isa = PBXGroup;
			children = (
				B5255ADB1AF6827200C04990 /* Info.plist */,
			);
			name = "Supporting Files";
			sourceTree = "<group>";
		};
/* End PBXGroup section */

/* Begin PBXHeadersBuildPhase section */
		B5255AC71AF6827200C04990 /* Headers */ = {
			isa = PBXHeadersBuildPhase;
			buildActionMask = 2147483647;
			files = (
				B5255AD01AF6827200C04990 /* AnalyticsSwiftSDK.h in Headers */,
			);
			runOnlyForDeploymentPostprocessing = 0;
		};
/* End PBXHeadersBuildPhase section */

/* Begin PBXNativeTarget section */
		B5255AC91AF6827200C04990 /* AnalyticsSwiftSDK */ = {
			isa = PBXNativeTarget;
			buildConfigurationList = B5255AE01AF6827200C04990 /* Build configuration list for PBXNativeTarget "AnalyticsSwiftSDK" */;
			buildPhases = (
				B5255AC51AF6827200C04990 /* Sources */,
				B5255AC61AF6827200C04990 /* Frameworks */,
				B5255AC71AF6827200C04990 /* Headers */,
				B5255AC81AF6827200C04990 /* Resources */,
			);
			buildRules = (
			);
			dependencies = (
			);
			name = AnalyticsSwiftSDK;
			productName = AnalyticsSwiftSDK;
			productReference = B5255ACA1AF6827200C04990 /* AnalyticsSwiftSDK.framework */;
			productType = "com.apple.product-type.framework";
		};
		B5255AD41AF6827200C04990 /* AnalyticsSwiftSDKTests */ = {
			isa = PBXNativeTarget;
			buildConfigurationList = B5255AE31AF6827200C04990 /* Build configuration list for PBXNativeTarget "AnalyticsSwiftSDKTests" */;
			buildPhases = (
				B5255AD11AF6827200C04990 /* Sources */,
				B5255AD21AF6827200C04990 /* Frameworks */,
				B5255AD31AF6827200C04990 /* Resources */,
			);
			buildRules = (
			);
			dependencies = (
				B5255AD81AF6827200C04990 /* PBXTargetDependency */,
			);
			name = AnalyticsSwiftSDKTests;
			productName = AnalyticsSwiftSDKTests;
			productReference = B5255AD51AF6827200C04990 /* AnalyticsSwiftSDKTests.xctest */;
			productType = "com.apple.product-type.bundle.unit-test";
		};
/* End PBXNativeTarget section */

/* Begin PBXProject section */
		B5255AC11AF6827200C04990 /* Project object */ = {
			isa = PBXProject;
			attributes = {
				LastUpgradeCheck = 0630;
				ORGANIZATIONNAME = Rafal;
				TargetAttributes = {
					B5255AC91AF6827200C04990 = {
						CreatedOnToolsVersion = 6.3.1;
					};
					B5255AD41AF6827200C04990 = {
						CreatedOnToolsVersion = 6.3.1;
					};
				};
			};
			buildConfigurationList = B5255AC41AF6827200C04990 /* Build configuration list for PBXProject "AnalyticsSwiftSDK" */;
			compatibilityVersion = "Xcode 3.2";
			developmentRegion = English;
			hasScannedForEncodings = 0;
			knownRegions = (
				en,
			);
			mainGroup = B5255AC01AF6827200C04990;
			productRefGroup = B5255ACB1AF6827200C04990 /* Products */;
			projectDirPath = "";
			projectRoot = "";
			targets = (
				B5255AC91AF6827200C04990 /* AnalyticsSwiftSDK */,
				B5255AD41AF6827200C04990 /* AnalyticsSwiftSDKTests */,
			);
		};
/* End PBXProject section */

/* Begin PBXResourcesBuildPhase section */
		B5255AC81AF6827200C04990 /* Resources */ = {
			isa = PBXResourcesBuildPhase;
			buildActionMask = 2147483647;
			files = (
			);
			runOnlyForDeploymentPostprocessing = 0;
		};
		B5255AD31AF6827200C04990 /* Resources */ = {
			isa = PBXResourcesBuildPhase;
			buildActionMask = 2147483647;
			files = (
			);
			runOnlyForDeploymentPostprocessing = 0;
		};
/* End PBXResourcesBuildPhase section */

/* Begin PBXSourcesBuildPhase section */
		B5255AC51AF6827200C04990 /* Sources */ = {
			isa = PBXSourcesBuildPhase;
			buildActionMask = 2147483647;
			files = (
			);
			runOnlyForDeploymentPostprocessing = 0;
		};
		B5255AD11AF6827200C04990 /* Sources */ = {
			isa = PBXSourcesBuildPhase;
			buildActionMask = 2147483647;
			files = (
				B5255ADD1AF6827200C04990 /* AnalyticsSwiftSDKTests.swift in Sources */,
			);
			runOnlyForDeploymentPostprocessing = 0;
		};
/* End PBXSourcesBuildPhase section */

/* Begin PBXTargetDependency section */
		B5255AD81AF6827200C04990 /* PBXTargetDependency */ = {
			isa = PBXTargetDependency;
			target = B5255AC91AF6827200C04990 /* AnalyticsSwiftSDK */;
			targetProxy = B5255AD71AF6827200C04990 /* PBXContainerItemProxy */;
		};
/* End PBXTargetDependency section */

/* Begin XCBuildConfiguration section */
		B5255ADE1AF6827200C04990 /* Debug */ = {
			isa = XCBuildConfiguration;
			buildSettings = {
				ALWAYS_SEARCH_USER_PATHS = NO;
				CLANG_CXX_LANGUAGE_STANDARD = "gnu++0x";
				CLANG_CXX_LIBRARY = "libc++";
				CLANG_ENABLE_MODULES = YES;
				CLANG_ENABLE_OBJC_ARC = YES;
				CLANG_WARN_BOOL_CONVERSION = YES;
				CLANG_WARN_CONSTANT_CONVERSION = YES;
				CLANG_WARN_DIRECT_OBJC_ISA_USAGE = YES_ERROR;
				CLANG_WARN_EMPTY_BODY = YES;
				CLANG_WARN_ENUM_CONVERSION = YES;
				CLANG_WARN_INT_CONVERSION = YES;
				CLANG_WARN_OBJC_ROOT_CLASS = YES_ERROR;
				CLANG_WARN_UNREACHABLE_CODE = YES;
				CLANG_WARN__DUPLICATE_METHOD_MATCH = YES;
				"CODE_SIGN_IDENTITY[sdk=iphoneos*]" = "iPhone Developer";
				COPY_PHASE_STRIP = NO;
				CURRENT_PROJECT_VERSION = 1;
				DEBUG_INFORMATION_FORMAT = "dwarf-with-dsym";
				ENABLE_STRICT_OBJC_MSGSEND = YES;
				GCC_C_LANGUAGE_STANDARD = gnu99;
				GCC_DYNAMIC_NO_PIC = NO;
				GCC_NO_COMMON_BLOCKS = YES;
				GCC_OPTIMIZATION_LEVEL = 0;
				GCC_PREPROCESSOR_DEFINITIONS = (
					"DEBUG=1",
					"$(inherited)",
				);
				GCC_SYMBOLS_PRIVATE_EXTERN = NO;
				GCC_WARN_64_TO_32_BIT_CONVERSION = YES;
				GCC_WARN_ABOUT_RETURN_TYPE = YES_ERROR;
				GCC_WARN_UNDECLARED_SELECTOR = YES;
				GCC_WARN_UNINITIALIZED_AUTOS = YES_AGGRESSIVE;
				GCC_WARN_UNUSED_FUNCTION = YES;
				GCC_WARN_UNUSED_VARIABLE = YES;
				IPHONEOS_DEPLOYMENT_TARGET = 8.3;
				MTL_ENABLE_DEBUG_INFO = YES;
				ONLY_ACTIVE_ARCH = YES;
				SDKROOT = iphoneos;
				SWIFT_OPTIMIZATION_LEVEL = "-Onone";
				TARGETED_DEVICE_FAMILY = "1,2";
				VERSIONING_SYSTEM = "apple-generic";
				VERSION_INFO_PREFIX = "";
			};
			name = Debug;
		};
		B5255ADF1AF6827200C04990 /* Release */ = {
			isa = XCBuildConfiguration;
			buildSettings = {
				ALWAYS_SEARCH_USER_PATHS = NO;
				CLANG_CXX_LANGUAGE_STANDARD = "gnu++0x";
				CLANG_CXX_LIBRARY = "libc++";
				CLANG_ENABLE_MODULES = YES;
				CLANG_ENABLE_OBJC_ARC = YES;
				CLANG_WARN_BOOL_CONVERSION = YES;
				CLANG_WARN_CONSTANT_CONVERSION = YES;
				CLANG_WARN_DIRECT_OBJC_ISA_USAGE = YES_ERROR;
				CLANG_WARN_EMPTY_BODY = YES;
				CLANG_WARN_ENUM_CONVERSION = YES;
				CLANG_WARN_INT_CONVERSION = YES;
				CLANG_WARN_OBJC_ROOT_CLASS = YES_ERROR;
				CLANG_WARN_UNREACHABLE_CODE = YES;
				CLANG_WARN__DUPLICATE_METHOD_MATCH = YES;
				"CODE_SIGN_IDENTITY[sdk=iphoneos*]" = "iPhone Developer";
				COPY_PHASE_STRIP = NO;
				CURRENT_PROJECT_VERSION = 1;
				DEBUG_INFORMATION_FORMAT = "dwarf-with-dsym";
				ENABLE_NS_ASSERTIONS = NO;
				ENABLE_STRICT_OBJC_MSGSEND = YES;
				GCC_C_LANGUAGE_STANDARD = gnu99;
				GCC_NO_COMMON_BLOCKS = YES;
				GCC_WARN_64_TO_32_BIT_CONVERSION = YES;
				GCC_WARN_ABOUT_RETURN_TYPE = YES_ERROR;
				GCC_WARN_UNDECLARED_SELECTOR = YES;
				GCC_WARN_UNINITIALIZED_AUTOS = YES_AGGRESSIVE;
				GCC_WARN_UNUSED_FUNCTION = YES;
				GCC_WARN_UNUSED_VARIABLE = YES;
				IPHONEOS_DEPLOYMENT_TARGET = 8.3;
				MTL_ENABLE_DEBUG_INFO = NO;
				SDKROOT = iphoneos;
				TARGETED_DEVICE_FAMILY = "1,2";
				VALIDATE_PRODUCT = YES;
				VERSIONING_SYSTEM = "apple-generic";
				VERSION_INFO_PREFIX = "";
			};
			name = Release;
		};
		B5255AE11AF6827200C04990 /* Debug */ = {
			isa = XCBuildConfiguration;
			buildSettings = {
				DEFINES_MODULE = YES;
				DYLIB_COMPATIBILITY_VERSION = 1;
				DYLIB_CURRENT_VERSION = 1;
				DYLIB_INSTALL_NAME_BASE = "@rpath";
				INFOPLIST_FILE = AnalyticsSwiftSDK/Info.plist;
				INSTALL_PATH = "$(LOCAL_LIBRARY_DIR)/Frameworks";
				LD_RUNPATH_SEARCH_PATHS = "$(inherited) @executable_path/Frameworks @loader_path/Frameworks";
				PRODUCT_NAME = "$(TARGET_NAME)";
				SKIP_INSTALL = YES;
			};
			name = Debug;
		};
		B5255AE21AF6827200C04990 /* Release */ = {
			isa = XCBuildConfiguration;
			buildSettings = {
				DEFINES_MODULE = YES;
				DYLIB_COMPATIBILITY_VERSION = 1;
				DYLIB_CURRENT_VERSION = 1;
				DYLIB_INSTALL_NAME_BASE = "@rpath";
				INFOPLIST_FILE = AnalyticsSwiftSDK/Info.plist;
				INSTALL_PATH = "$(LOCAL_LIBRARY_DIR)/Frameworks";
				LD_RUNPATH_SEARCH_PATHS = "$(inherited) @executable_path/Frameworks @loader_path/Frameworks";
				PRODUCT_NAME = "$(TARGET_NAME)";
				SKIP_INSTALL = YES;
			};
			name = Release;
		};
		B5255AE41AF6827200C04990 /* Debug */ = {
			isa = XCBuildConfiguration;
			buildSettings = {
				FRAMEWORK_SEARCH_PATHS = (
					"$(SDKROOT)/Developer/Library/Frameworks",
					"$(inherited)",
				);
				GCC_PREPROCESSOR_DEFINITIONS = (
					"DEBUG=1",
					"$(inherited)",
				);
				INFOPLIST_FILE = AnalyticsSwiftSDKTests/Info.plist;
				LD_RUNPATH_SEARCH_PATHS = "$(inherited) @executable_path/Frameworks @loader_path/Frameworks";
				PRODUCT_NAME = "$(TARGET_NAME)";
			};
			name = Debug;
		};
		B5255AE51AF6827200C04990 /* Release */ = {
			isa = XCBuildConfiguration;
			buildSettings = {
				FRAMEWORK_SEARCH_PATHS = (
					"$(SDKROOT)/Developer/Library/Frameworks",
					"$(inherited)",
				);
				INFOPLIST_FILE = AnalyticsSwiftSDKTests/Info.plist;
				LD_RUNPATH_SEARCH_PATHS = "$(inherited) @executable_path/Frameworks @loader_path/Frameworks";
				PRODUCT_NAME = "$(TARGET_NAME)";
			};
			name = Release;
		};
/* End XCBuildConfiguration section */

/* Begin XCConfigurationList section */
		B5255AC41AF6827200C04990 /* Build configuration list for PBXProject "AnalyticsSwiftSDK" */ = {
			isa = XCConfigurationList;
			buildConfigurations = (
				B5255ADE1AF6827200C04990 /* Debug */,
				B5255ADF1AF6827200C04990 /* Release */,
			);
			defaultConfigurationIsVisible = 0;
			defaultConfigurationName = Release;
		};
		B5255AE01AF6827200C04990 /* Build configuration list for PBXNativeTarget "AnalyticsSwiftSDK" */ = {
			isa = XCConfigurationList;
			buildConfigurations = (
				B5255AE11AF6827200C04990 /* Debug */,
				B5255AE21AF6827200C04990 /* Release */,
			);
			defaultConfigurationIsVisible = 0;
		};
		B5255AE31AF6827200C04990 /* Build configuration list for PBXNativeTarget "AnalyticsSwiftSDKTests" */ = {
			isa = XCConfigurationList;
			buildConfigurations = (
				B5255AE41AF6827200C04990 /* Debug */,
				B5255AE51AF6827200C04990 /* Release */,
			);
			defaultConfigurationIsVisible = 0;
		};
/* End XCConfigurationList section */
	};
	rootObject = B5255AC11AF6827200C04990 /* Project object */;
}
